PODS:
  - AFNetworking (2.6.3):
    - AFNetworking/NSURLConnection (= 2.6.3)
    - AFNetworking/NSURLSession (= 2.6.3)
    - AFNetworking/Reachability (= 2.6.3)
    - AFNetworking/Security (= 2.6.3)
    - AFNetworking/Serialization (= 2.6.3)
    - AFNetworking/UIKit (= 2.6.3)
  - AFNetworking/NSURLConnection (2.6.3):
    - AFNetworking/Reachability
    - AFNetworking/Security
    - AFNetworking/Serialization
  - AFNetworking/NSURLSession (2.6.3):
    - AFNetworking/Reachability
    - AFNetworking/Security
    - AFNetworking/Serialization
  - AFNetworking/Reachability (2.6.3)
  - AFNetworking/Security (2.6.3)
  - AFNetworking/Serialization (2.6.3)
  - AFNetworking/UIKit (2.6.3):
    - AFNetworking/NSURLConnection
    - AFNetworking/NSURLSession
  - AKPickerView-Swift (1.0.0)
  - Alamofire (3.1.2)
  - Async (1.4.0)
  - Cartography (0.6.0)
  - CryptoSwift (0.1.1)
  - FontAwesomeIconFactory (2.1.1)
  - KIF (3.3.0):
    - KIF/Core (= 3.3.0)
  - KIF/Core (3.3.0)
  - Nimble (3.0.0)
  - PKHUD (2.2.2)
  - Quick (0.8.0)
  - SwiftyJSON (2.3.1)
  - SwiftyUserDefaults (2.0.0)

DEPENDENCIES:
  - AFNetworking (~> 2.6.3)
  - AKPickerView-Swift (~> 1.0.0)
  - Alamofire (~> 3.1.2)
  - Async (from `https://github.com/duemunk/Async.git`, tag `1.4`)
  - Cartography (~> 0.6.0)
  - CryptoSwift (from `https://github.com/krzyzanowskim/CryptoSwift.git`, tag `0.1.1`)
  - FontAwesomeIconFactory (~> 2.1.1)
  - KIF (~> 3.3)
  - Nimble (~> 3.0.0)
  - PKHUD (from `https://github.com/pkluz/PKHUD.git`, tag `2.2.2`)
  - Quick (~> 0.8.0)
  - SwiftyJSON (~> 2.3.1)
  - SwiftyUserDefaults (~> 2.0.0)

EXTERNAL SOURCES:
  Async:
    :git: https://github.com/duemunk/Async.git
    :tag: '1.4'
  CryptoSwift:
    :git: https://github.com/krzyzanowskim/CryptoSwift.git
    :tag: 0.1.1
  PKHUD:
    :git: https://github.com/pkluz/PKHUD.git
    :tag: 2.2.2

CHECKOUT OPTIONS:
  Async:
    :git: https://github.com/duemunk/Async.git
    :tag: '1.4'
  CryptoSwift:
    :git: https://github.com/krzyzanowskim/CryptoSwift.git
    :tag: 0.1.1
  PKHUD:
    :git: https://github.com/pkluz/PKHUD.git
    :tag: 2.2.2

SPEC CHECKSUMS:
  AFNetworking: cb8d14a848e831097108418f5d49217339d4eb60
  AKPickerView-Swift: 933897031753447302cf3167a0a5c738a58b219c
  Alamofire: 7c16ca65f3c7e681fd925fd7f2dec7747ff96855
  Async: 4221a3bed9b180d95dd01fb07256443124514375
  Cartography: 70af183a248547694a8cfaa6b989cb7e04589985
  CryptoSwift: c11640d3d66107efc8333e4131a5173f072b1d61
  FontAwesomeIconFactory: bb9ce26d3dd13044854a82d380023c8e7d3ebf1a
  KIF: 0a82046d06f3648799cac522d2d0f7934214caac
  Nimble: 4c353d43735b38b545cbb4cb91504588eb5de926
  PKHUD: e8aec3b16715a65a186124d28eaeb39ad6d164fb
  Quick: 563d0f6ec5f72e394645adb377708639b7dd38ab
  SwiftyJSON: 592b53bee5ef3dd9b3bebc6b9cb7ee35426ae8c3
  SwiftyUserDefaults: 1266e9734c68bcfbac8294ee84173dc8ba6db312

COCOAPODS: 0.39.0
