PODS:
  - AFNetworking (2.6.3):
    - AFNetworking/NSURLConnection (= 2.6.3)
    - AFNetworking/NSURLSession (= 2.6.3)
    - AFNetworking/Reachability (= 2.6.3)
    - AFNetworking/Security (= 2.6.3)
    - AFNetworking/Serialization (= 2.6.3)
    - AFNetworking/UIKit (= 2.6.3)
  - AFNetworking/NSURLConnection (2.6.3):
    - AFNetworking/Reachability
    - AFNetworking/Security
    - AFNetworking/Serialization
  - AFNetworking/NSURLSession (2.6.3):
    - AFNetworking/Reachability
    - AFNetworking/Security
    - AFNetworking/Serialization
  - AFNetworking/Reachability (2.6.3)
  - AFNetworking/Security (2.6.3)
  - AFNetworking/Serialization (2.6.3)
  - AFNetworking/UIKit (2.6.3):
    - AFNetworking/NSURLConnection
    - AFNetworking/NSURLSession
  - AKPickerView-Swift (1.0.0)
  - Alamofire (3.1.2)
  - Async (1.4.0)
  - Cartography (0.6.0)
  - CryptoSwift (0.1.1)
  - FontAwesome.swift (0.6.2)
  - FontAwesomeIconFactory (2.1.1)
  - Google/Core (1.2.1):
    - GoogleInterchangeUtilities (~> 1.0)
    - GoogleNetworkingUtilities (~> 1.0)
    - GoogleSymbolUtilities (~> 1.0)
    - GoogleUtilities (~> 1.1)
  - Google/SignIn (1.2.1):
    - Google/Core
    - GoogleSignIn (~> 2.0)
  - GoogleAppUtilities (1.0.0):
    - GoogleSymbolUtilities (~> 1.0)
  - GoogleAuthUtilities (1.0.1):
    - GoogleNetworkingUtilities (~> 1.0)
    - GoogleSymbolUtilities (~> 1.0)
  - GoogleInterchangeUtilities (1.1.0):
    - GoogleSymbolUtilities (~> 1.0)
  - GoogleNetworkingUtilities (1.0.0):
    - GoogleSymbolUtilities (~> 1.0)
  - GoogleSignIn (2.4.0):
    - GoogleAppUtilities (~> 1.0)
    - GoogleAuthUtilities (~> 1.0)
    - GoogleNetworkingUtilities (~> 1.0)
    - GoogleUtilities (~> 1.0)
  - GoogleSymbolUtilities (1.0.3)
  - GoogleUtilities (1.1.0):
    - GoogleSymbolUtilities (~> 1.0.0)
  - KIF (3.3.0):
    - KIF/Core (= 3.3.0)
  - KIF/Core (3.3.0)
  - Nimble (3.0.0)
  - PKHUD (2.2.4)
  - Quick (0.8.0)
  - SwiftyJSON (2.3.1)
  - SwiftyUserDefaults (2.0.0)

DEPENDENCIES:
  - AFNetworking (~> 2.6)
  - AKPickerView-Swift (~> 1.0)
  - Alamofire (~> 3.1)
  - Async (from `https://github.com/duemunk/Async.git`, tag `1.4`)
  - Cartography (~> 0.6)
  - CryptoSwift (~> 0.1)
  - FontAwesome.swift (~> 0.4)
  - FontAwesomeIconFactory (~> 2.1)
  - Google/SignIn
  - KIF (~> 3.3)
  - Nimble (~> 3.0)
  - PKHUD (~> 2.2)
  - Quick (~> 0.8)
  - SwiftyJSON (~> 2.3)
  - SwiftyUserDefaults (~> 2.0)

EXTERNAL SOURCES:
  Async:
    :git: https://github.com/duemunk/Async.git
    :tag: '1.4'

CHECKOUT OPTIONS:
  Async:
    :git: https://github.com/duemunk/Async.git
    :tag: '1.4'

SPEC CHECKSUMS:
  AFNetworking: cb8d14a848e831097108418f5d49217339d4eb60
  AKPickerView-Swift: 933897031753447302cf3167a0a5c738a58b219c
  Alamofire: 7c16ca65f3c7e681fd925fd7f2dec7747ff96855
  Async: 4221a3bed9b180d95dd01fb07256443124514375
  Cartography: 70af183a248547694a8cfaa6b989cb7e04589985
  CryptoSwift: c11640d3d66107efc8333e4131a5173f072b1d61
  FontAwesome.swift: d40ac0a660f079c77945bab632ca20bf46ddc1ac
  FontAwesomeIconFactory: bb9ce26d3dd13044854a82d380023c8e7d3ebf1a
  Google: fd33b5fa40fa3aaee5176de49c873a74e3d11dce
  GoogleAppUtilities: c01c6a5671e9da8b9d690fdaec5959d6c2aac699
  GoogleAuthUtilities: 049ffd3a297cdffd271451b82fd4e75304f15ef3
  GoogleInterchangeUtilities: d7f7174176fbcf9710f696f1acebad4dbd98ac03
  GoogleNetworkingUtilities: 292992ab31b7b4ba32809a0e8b40e324cdfb2c0c
  GoogleSignIn: 79929b51e6299c69f1197bbd9c7a1367d523ecd8
  GoogleSymbolUtilities: 82ad9f93d3615244b3f4ce440f5ab2515e8b4f56
  GoogleUtilities: 8ed9134debe11719097881711464752900668f10
  KIF: 0a82046d06f3648799cac522d2d0f7934214caac
  Nimble: 4c353d43735b38b545cbb4cb91504588eb5de926
  PKHUD: 4ec64535c98da203a3eb7303a58e13ac0bff1f8f
  Quick: 563d0f6ec5f72e394645adb377708639b7dd38ab
  SwiftyJSON: 592b53bee5ef3dd9b3bebc6b9cb7ee35426ae8c3
  SwiftyUserDefaults: 1266e9734c68bcfbac8294ee84173dc8ba6db312

COCOAPODS: 0.39.0
